// !$*UTF8*$!
{
	archiveVersion = 1;
	classes = {
	};
	objectVersion = 56;
	objects = {

/* Begin PBXBuildFile section */
		8D0C199A2B45AE8C000306D8 /* AppDelegate.swift in Sources */ = {isa = PBXBuildFile; fileRef = 8D0C19992B45AE8C000306D8 /* AppDelegate.swift */; };
		8D0C19A32B45AE8E000306D8 /* Assets.xcassets in Resources */ = {isa = PBXBuildFile; fileRef = 8D0C19A22B45AE8E000306D8 /* Assets.xcassets */; };
		8D0C19A62B45AE8E000306D8 /* LaunchScreen.storyboard in Resources */ = {isa = PBXBuildFile; fileRef = 8D0C19A42B45AE8E000306D8 /* LaunchScreen.storyboard */; };
		8D0C19B12B45B67E000306D8 /* ConfigurationPrivacy.swift in Sources */ = {isa = PBXBuildFile; fileRef = 8D0C19B02B45B67E000306D8 /* ConfigurationPrivacy.swift */; };
		8D0C19B72B45BE22000306D8 /* PrivacyKeys.xcconfig in Resources */ = {isa = PBXBuildFile; fileRef = 8D0C19B62B45BE22000306D8 /* PrivacyKeys.xcconfig */; };
		8D0C19BC2B45C3A0000306D8 /* AppColors.xcassets in Resources */ = {isa = PBXBuildFile; fileRef = 8D0C19BB2B45C3A0000306D8 /* AppColors.xcassets */; };
		8D0C19C62B45C5D5000306D8 /* XCAssets+Generated.swift in Sources */ = {isa = PBXBuildFile; fileRef = 8D0C19C32B45C5D5000306D8 /* XCAssets+Generated.swift */; };
		8D0C19C72B45C5D5000306D8 /* IB-Segues+Generated.swift in Sources */ = {isa = PBXBuildFile; fileRef = 8D0C19C42B45C5D5000306D8 /* IB-Segues+Generated.swift */; };
		8D0C19C82B45C5D5000306D8 /* IB-Scenes+Generated.swift in Sources */ = {isa = PBXBuildFile; fileRef = 8D0C19C52B45C5D5000306D8 /* IB-Scenes+Generated.swift */; };
		8D0C19CA2B45C85A000306D8 /* MainViewController.storyboard in Resources */ = {isa = PBXBuildFile; fileRef = 8D0C19C92B45C85A000306D8 /* MainViewController.storyboard */; };
		8D0C19CC2B45C862000306D8 /* MainViewController.swift in Sources */ = {isa = PBXBuildFile; fileRef = 8D0C19CB2B45C862000306D8 /* MainViewController.swift */; };
		CB6C118D9713AF3D8471B48B /* Pods_ImageGalaryApp.framework in Frameworks */ = {isa = PBXBuildFile; fileRef = 4FF35F3AD77FDEE1F2FC4B5E /* Pods_ImageGalaryApp.framework */; };
/* End PBXBuildFile section */

/* Begin PBXFileReference section */
		4FF35F3AD77FDEE1F2FC4B5E /* Pods_ImageGalaryApp.framework */ = {isa = PBXFileReference; explicitFileType = wrapper.framework; includeInIndex = 0; path = Pods_ImageGalaryApp.framework; sourceTree = BUILT_PRODUCTS_DIR; };
		75142A2CD20D8365D23AC54D /* Pods-ImageGalaryApp.release.xcconfig */ = {isa = PBXFileReference; includeInIndex = 1; lastKnownFileType = text.xcconfig; name = "Pods-ImageGalaryApp.release.xcconfig"; path = "Target Support Files/Pods-ImageGalaryApp/Pods-ImageGalaryApp.release.xcconfig"; sourceTree = "<group>"; };
		8D0C19962B45AE8C000306D8 /* ImageGalaryApp.app */ = {isa = PBXFileReference; explicitFileType = wrapper.application; includeInIndex = 0; path = ImageGalaryApp.app; sourceTree = BUILT_PRODUCTS_DIR; };
		8D0C19992B45AE8C000306D8 /* AppDelegate.swift */ = {isa = PBXFileReference; lastKnownFileType = sourcecode.swift; path = AppDelegate.swift; sourceTree = "<group>"; };
		8D0C19A22B45AE8E000306D8 /* Assets.xcassets */ = {isa = PBXFileReference; lastKnownFileType = folder.assetcatalog; path = Assets.xcassets; sourceTree = "<group>"; };
		8D0C19A52B45AE8E000306D8 /* Base */ = {isa = PBXFileReference; lastKnownFileType = file.storyboard; name = Base; path = Base.lproj/LaunchScreen.storyboard; sourceTree = "<group>"; };
		8D0C19A72B45AE8E000306D8 /* Info.plist */ = {isa = PBXFileReference; lastKnownFileType = text.plist.xml; path = Info.plist; sourceTree = "<group>"; };
		8D0C19B02B45B67E000306D8 /* ConfigurationPrivacy.swift */ = {isa = PBXFileReference; lastKnownFileType = sourcecode.swift; path = ConfigurationPrivacy.swift; sourceTree = "<group>"; };
		8D0C19B62B45BE22000306D8 /* PrivacyKeys.xcconfig */ = {isa = PBXFileReference; fileEncoding = 4; lastKnownFileType = text.xcconfig; path = PrivacyKeys.xcconfig; sourceTree = "<group>"; };
		8D0C19B92B45C2CE000306D8 /* swiftgen.yml */ = {isa = PBXFileReference; lastKnownFileType = text.yaml; path = swiftgen.yml; sourceTree = "<group>"; };
		8D0C19BB2B45C3A0000306D8 /* AppColors.xcassets */ = {isa = PBXFileReference; lastKnownFileType = folder.assetcatalog; path = AppColors.xcassets; sourceTree = "<group>"; };
		8D0C19C32B45C5D5000306D8 /* XCAssets+Generated.swift */ = {isa = PBXFileReference; fileEncoding = 4; lastKnownFileType = sourcecode.swift; path = "XCAssets+Generated.swift"; sourceTree = "<group>"; };
		8D0C19C42B45C5D5000306D8 /* IB-Segues+Generated.swift */ = {isa = PBXFileReference; fileEncoding = 4; lastKnownFileType = sourcecode.swift; path = "IB-Segues+Generated.swift"; sourceTree = "<group>"; };
		8D0C19C52B45C5D5000306D8 /* IB-Scenes+Generated.swift */ = {isa = PBXFileReference; fileEncoding = 4; lastKnownFileType = sourcecode.swift; path = "IB-Scenes+Generated.swift"; sourceTree = "<group>"; };
		8D0C19C92B45C85A000306D8 /* MainViewController.storyboard */ = {isa = PBXFileReference; lastKnownFileType = file.storyboard; path = MainViewController.storyboard; sourceTree = "<group>"; };
		8D0C19CB2B45C862000306D8 /* MainViewController.swift */ = {isa = PBXFileReference; lastKnownFileType = sourcecode.swift; path = MainViewController.swift; sourceTree = "<group>"; };
		FDBCD98F8477BABDE36BB0FD /* Pods-ImageGalaryApp.debug.xcconfig */ = {isa = PBXFileReference; includeInIndex = 1; lastKnownFileType = text.xcconfig; name = "Pods-ImageGalaryApp.debug.xcconfig"; path = "Target Support Files/Pods-ImageGalaryApp/Pods-ImageGalaryApp.debug.xcconfig"; sourceTree = "<group>"; };
/* End PBXFileReference section */

/* Begin PBXFrameworksBuildPhase section */
		8D0C19932B45AE8C000306D8 /* Frameworks */ = {
			isa = PBXFrameworksBuildPhase;
			buildActionMask = 2147483647;
			files = (
				CB6C118D9713AF3D8471B48B /* Pods_ImageGalaryApp.framework in Frameworks */,
			);
			runOnlyForDeploymentPostprocessing = 0;
		};
/* End PBXFrameworksBuildPhase section */

/* Begin PBXGroup section */
		7F37B34A1B37584E4680C6C3 /* Frameworks */ = {
			isa = PBXGroup;
			children = (
				4FF35F3AD77FDEE1F2FC4B5E /* Pods_ImageGalaryApp.framework */,
			);
			name = Frameworks;
			sourceTree = "<group>";
		};
		8D0C198D2B45AE8C000306D8 = {
			isa = PBXGroup;
			children = (
				8D0C19B92B45C2CE000306D8 /* swiftgen.yml */,
				8D0C19982B45AE8C000306D8 /* ImageGalaryApp */,
				8D0C19972B45AE8C000306D8 /* Products */,
				C8E212DCC63C1787788BF40E /* Pods */,
				7F37B34A1B37584E4680C6C3 /* Frameworks */,
			);
			sourceTree = "<group>";
		};
		8D0C19972B45AE8C000306D8 /* Products */ = {
			isa = PBXGroup;
			children = (
				8D0C19962B45AE8C000306D8 /* ImageGalaryApp.app */,
			);
			name = Products;
			sourceTree = "<group>";
		};
		8D0C19982B45AE8C000306D8 /* ImageGalaryApp */ = {
			isa = PBXGroup;
			children = (
				8D0C19BA2B45C304000306D8 /* Resources */,
				8D0C19B52B45BE0A000306D8 /* Privacy */,
				8D0C19992B45AE8C000306D8 /* AppDelegate.swift */,
				8D0C19C92B45C85A000306D8 /* MainViewController.storyboard */,
				8D0C19CB2B45C862000306D8 /* MainViewController.swift */,
				8D0C19A22B45AE8E000306D8 /* Assets.xcassets */,
				8D0C19BB2B45C3A0000306D8 /* AppColors.xcassets */,
				8D0C19A42B45AE8E000306D8 /* LaunchScreen.storyboard */,
				8D0C19A72B45AE8E000306D8 /* Info.plist */,
			);
			path = ImageGalaryApp;
			sourceTree = "<group>";
		};
		8D0C19B52B45BE0A000306D8 /* Privacy */ = {
			isa = PBXGroup;
			children = (
				8D0C19B02B45B67E000306D8 /* ConfigurationPrivacy.swift */,
				8D0C19B62B45BE22000306D8 /* PrivacyKeys.xcconfig */,
			);
			path = Privacy;
			sourceTree = "<group>";
		};
		8D0C19BA2B45C304000306D8 /* Resources */ = {
			isa = PBXGroup;
			children = (
				8D0C19C52B45C5D5000306D8 /* IB-Scenes+Generated.swift */,
				8D0C19C42B45C5D5000306D8 /* IB-Segues+Generated.swift */,
				8D0C19C32B45C5D5000306D8 /* XCAssets+Generated.swift */,
			);
			path = Resources;
			sourceTree = "<group>";
		};
		C8E212DCC63C1787788BF40E /* Pods */ = {
			isa = PBXGroup;
			children = (
				FDBCD98F8477BABDE36BB0FD /* Pods-ImageGalaryApp.debug.xcconfig */,
				75142A2CD20D8365D23AC54D /* Pods-ImageGalaryApp.release.xcconfig */,
			);
			path = Pods;
			sourceTree = "<group>";
		};
/* End PBXGroup section */

/* Begin PBXNativeTarget section */
		8D0C19952B45AE8C000306D8 /* ImageGalaryApp */ = {
			isa = PBXNativeTarget;
			buildConfigurationList = 8D0C19AA2B45AE8E000306D8 /* Build configuration list for PBXNativeTarget "ImageGalaryApp" */;
			buildPhases = (
				E0DAE6B69CA4D4873A8C268D /* [CP] Check Pods Manifest.lock */,
				8D0C19922B45AE8C000306D8 /* Sources */,
				8D0C19932B45AE8C000306D8 /* Frameworks */,
				8D0C19942B45AE8C000306D8 /* Resources */,
				8D0C19B82B45C1DF000306D8 /* SwiftGen */,
			);
			buildRules = (
			);
			dependencies = (
			);
			name = ImageGalaryApp;
			productName = ImageGalaryApp;
			productReference = 8D0C19962B45AE8C000306D8 /* ImageGalaryApp.app */;
			productType = "com.apple.product-type.application";
		};
/* End PBXNativeTarget section */

/* Begin PBXProject section */
		8D0C198E2B45AE8C000306D8 /* Project object */ = {
			isa = PBXProject;
			attributes = {
				BuildIndependentTargetsInParallel = 1;
				LastSwiftUpdateCheck = 1500;
				LastUpgradeCheck = 1500;
				TargetAttributes = {
					8D0C19952B45AE8C000306D8 = {
						CreatedOnToolsVersion = 15.0;
					};
				};
			};
			buildConfigurationList = 8D0C19912B45AE8C000306D8 /* Build configuration list for PBXProject "ImageGalaryApp" */;
			compatibilityVersion = "Xcode 14.0";
			developmentRegion = en;
			hasScannedForEncodings = 0;
			knownRegions = (
				en,
				Base,
			);
			mainGroup = 8D0C198D2B45AE8C000306D8;
			productRefGroup = 8D0C19972B45AE8C000306D8 /* Products */;
			projectDirPath = "";
			projectRoot = "";
			targets = (
				8D0C19952B45AE8C000306D8 /* ImageGalaryApp */,
			);
		};
/* End PBXProject section */

/* Begin PBXResourcesBuildPhase section */
		8D0C19942B45AE8C000306D8 /* Resources */ = {
			isa = PBXResourcesBuildPhase;
			buildActionMask = 2147483647;
			files = (
				8D0C19A62B45AE8E000306D8 /* LaunchScreen.storyboard in Resources */,
				8D0C19BC2B45C3A0000306D8 /* AppColors.xcassets in Resources */,
				8D0C19B72B45BE22000306D8 /* PrivacyKeys.xcconfig in Resources */,
				8D0C19A32B45AE8E000306D8 /* Assets.xcassets in Resources */,
				8D0C19CA2B45C85A000306D8 /* MainViewController.storyboard in Resources */,
			);
			runOnlyForDeploymentPostprocessing = 0;
		};
/* End PBXResourcesBuildPhase section */

/* Begin PBXShellScriptBuildPhase section */
		8D0C19B82B45C1DF000306D8 /* SwiftGen */ = {
			isa = PBXShellScriptBuildPhase;
			buildActionMask = 2147483647;
			files = (
			);
			inputFileListPaths = (
			);
			inputPaths = (
			);
			name = SwiftGen;
			outputFileListPaths = (
			);
			outputPaths = (
			);
			runOnlyForDeploymentPostprocessing = 0;
			shellPath = /bin/sh;
			shellScript = "# Type a script or drag a script file from your workspace to insert its path.\nif [[ -f \"${PODS_ROOT}/SwiftGen/bin/swiftgen\" ]]; then\n  \"${PODS_ROOT}/SwiftGen/bin/swiftgen\"\nelse\n  echo \"warning: SwiftGen is not installed. Run 'pod install --repo-update' to install it.\"\nfi \n";
		};
		E0DAE6B69CA4D4873A8C268D /* [CP] Check Pods Manifest.lock */ = {
			isa = PBXShellScriptBuildPhase;
			buildActionMask = 2147483647;
			files = (
			);
			inputFileListPaths = (
			);
			inputPaths = (
				"${PODS_PODFILE_DIR_PATH}/Podfile.lock",
				"${PODS_ROOT}/Manifest.lock",
			);
			name = "[CP] Check Pods Manifest.lock";
			outputFileListPaths = (
			);
			outputPaths = (
				"$(DERIVED_FILE_DIR)/Pods-ImageGalaryApp-checkManifestLockResult.txt",
			);
			runOnlyForDeploymentPostprocessing = 0;
			shellPath = /bin/sh;
			shellScript = "diff \"${PODS_PODFILE_DIR_PATH}/Podfile.lock\" \"${PODS_ROOT}/Manifest.lock\" > /dev/null\nif [ $? != 0 ] ; then\n    # print error to STDERR\n    echo \"error: The sandbox is not in sync with the Podfile.lock. Run 'pod install' or update your CocoaPods installation.\" >&2\n    exit 1\nfi\n# This output is used by Xcode 'outputs' to avoid re-running this script phase.\necho \"SUCCESS\" > \"${SCRIPT_OUTPUT_FILE_0}\"\n";
			showEnvVarsInLog = 0;
		};
/* End PBXShellScriptBuildPhase section */

/* Begin PBXSourcesBuildPhase section */
		8D0C19922B45AE8C000306D8 /* Sources */ = {
			isa = PBXSourcesBuildPhase;
			buildActionMask = 2147483647;
			files = (
				8D0C19C62B45C5D5000306D8 /* XCAssets+Generated.swift in Sources */,
				8D0C199A2B45AE8C000306D8 /* AppDelegate.swift in Sources */,
				8D0C19C72B45C5D5000306D8 /* IB-Segues+Generated.swift in Sources */,
				8D0C19CC2B45C862000306D8 /* MainViewController.swift in Sources */,
				8D0C19B12B45B67E000306D8 /* ConfigurationPrivacy.swift in Sources */,
				8D0C19C82B45C5D5000306D8 /* IB-Scenes+Generated.swift in Sources */,
			);
			runOnlyForDeploymentPostprocessing = 0;
		};
/* End PBXSourcesBuildPhase section */

/* Begin PBXVariantGroup section */
		8D0C19A42B45AE8E000306D8 /* LaunchScreen.storyboard */ = {
			isa = PBXVariantGroup;
			children = (
				8D0C19A52B45AE8E000306D8 /* Base */,
			);
			name = LaunchScreen.storyboard;
			sourceTree = "<group>";
		};
/* End PBXVariantGroup section */

/* Begin XCBuildConfiguration section */
		8D0C19A82B45AE8E000306D8 /* Debug */ = {
			isa = XCBuildConfiguration;
			baseConfigurationReference = 8D0C19B62B45BE22000306D8 /* PrivacyKeys.xcconfig */;
			buildSettings = {
				ALWAYS_SEARCH_USER_PATHS = NO;
				ASSETCATALOG_COMPILER_GENERATE_SWIFT_ASSET_SYMBOL_EXTENSIONS = YES;
				CLANG_ANALYZER_NONNULL = YES;
				CLANG_ANALYZER_NUMBER_OBJECT_CONVERSION = YES_AGGRESSIVE;
				CLANG_CXX_LANGUAGE_STANDARD = "gnu++20";
				CLANG_ENABLE_MODULES = YES;
				CLANG_ENABLE_OBJC_ARC = YES;
				CLANG_ENABLE_OBJC_WEAK = YES;
				CLANG_WARN_BLOCK_CAPTURE_AUTORELEASING = YES;
				CLANG_WARN_BOOL_CONVERSION = YES;
				CLANG_WARN_COMMA = YES;
				CLANG_WARN_CONSTANT_CONVERSION = YES;
				CLANG_WARN_DEPRECATED_OBJC_IMPLEMENTATIONS = YES;
				CLANG_WARN_DIRECT_OBJC_ISA_USAGE = YES_ERROR;
				CLANG_WARN_DOCUMENTATION_COMMENTS = YES;
				CLANG_WARN_EMPTY_BODY = YES;
				CLANG_WARN_ENUM_CONVERSION = YES;
				CLANG_WARN_INFINITE_RECURSION = YES;
				CLANG_WARN_INT_CONVERSION = YES;
				CLANG_WARN_NON_LITERAL_NULL_CONVERSION = YES;
				CLANG_WARN_OBJC_IMPLICIT_RETAIN_SELF = YES;
				CLANG_WARN_OBJC_LITERAL_CONVERSION = YES;
				CLANG_WARN_OBJC_ROOT_CLASS = YES_ERROR;
				CLANG_WARN_QUOTED_INCLUDE_IN_FRAMEWORK_HEADER = YES;
				CLANG_WARN_RANGE_LOOP_ANALYSIS = YES;
				CLANG_WARN_STRICT_PROTOTYPES = YES;
				CLANG_WARN_SUSPICIOUS_MOVE = YES;
				CLANG_WARN_UNGUARDED_AVAILABILITY = YES_AGGRESSIVE;
				CLANG_WARN_UNREACHABLE_CODE = YES;
				CLANG_WARN__DUPLICATE_METHOD_MATCH = YES;
				COPY_PHASE_STRIP = NO;
				DEBUG_INFORMATION_FORMAT = dwarf;
				ENABLE_STRICT_OBJC_MSGSEND = YES;
				ENABLE_TESTABILITY = YES;
				ENABLE_USER_SCRIPT_SANDBOXING = YES;
				GCC_C_LANGUAGE_STANDARD = gnu17;
				GCC_DYNAMIC_NO_PIC = NO;
				GCC_NO_COMMON_BLOCKS = YES;
				GCC_OPTIMIZATION_LEVEL = 0;
				GCC_PREPROCESSOR_DEFINITIONS = (
					"DEBUG=1",
					"$(inherited)",
				);
				GCC_WARN_64_TO_32_BIT_CONVERSION = YES;
				GCC_WARN_ABOUT_RETURN_TYPE = YES_ERROR;
				GCC_WARN_UNDECLARED_SELECTOR = YES;
				GCC_WARN_UNINITIALIZED_AUTOS = YES_AGGRESSIVE;
				GCC_WARN_UNUSED_FUNCTION = YES;
				GCC_WARN_UNUSED_VARIABLE = YES;
				IPHONEOS_DEPLOYMENT_TARGET = 17.0;
				LOCALIZATION_PREFERS_STRING_CATALOGS = YES;
				MTL_ENABLE_DEBUG_INFO = INCLUDE_SOURCE;
				MTL_FAST_MATH = YES;
				ONLY_ACTIVE_ARCH = YES;
				SDKROOT = iphoneos;
				SWIFT_ACTIVE_COMPILATION_CONDITIONS = "DEBUG $(inherited)";
				SWIFT_OPTIMIZATION_LEVEL = "-Onone";
			};
			name = Debug;
		};
		8D0C19A92B45AE8E000306D8 /* Release */ = {
			isa = XCBuildConfiguration;
			baseConfigurationReference = 8D0C19B62B45BE22000306D8 /* PrivacyKeys.xcconfig */;
			buildSettings = {
				ALWAYS_SEARCH_USER_PATHS = NO;
				ASSETCATALOG_COMPILER_GENERATE_SWIFT_ASSET_SYMBOL_EXTENSIONS = YES;
				CLANG_ANALYZER_NONNULL = YES;
				CLANG_ANALYZER_NUMBER_OBJECT_CONVERSION = YES_AGGRESSIVE;
				CLANG_CXX_LANGUAGE_STANDARD = "gnu++20";
				CLANG_ENABLE_MODULES = YES;
				CLANG_ENABLE_OBJC_ARC = YES;
				CLANG_ENABLE_OBJC_WEAK = YES;
				CLANG_WARN_BLOCK_CAPTURE_AUTORELEASING = YES;
				CLANG_WARN_BOOL_CONVERSION = YES;
				CLANG_WARN_COMMA = YES;
				CLANG_WARN_CONSTANT_CONVERSION = YES;
				CLANG_WARN_DEPRECATED_OBJC_IMPLEMENTATIONS = YES;
				CLANG_WARN_DIRECT_OBJC_ISA_USAGE = YES_ERROR;
				CLANG_WARN_DOCUMENTATION_COMMENTS = YES;
				CLANG_WARN_EMPTY_BODY = YES;
				CLANG_WARN_ENUM_CONVERSION = YES;
				CLANG_WARN_INFINITE_RECURSION = YES;
				CLANG_WARN_INT_CONVERSION = YES;
				CLANG_WARN_NON_LITERAL_NULL_CONVERSION = YES;
				CLANG_WARN_OBJC_IMPLICIT_RETAIN_SELF = YES;
				CLANG_WARN_OBJC_LITERAL_CONVERSION = YES;
				CLANG_WARN_OBJC_ROOT_CLASS = YES_ERROR;
				CLANG_WARN_QUOTED_INCLUDE_IN_FRAMEWORK_HEADER = YES;
				CLANG_WARN_RANGE_LOOP_ANALYSIS = YES;
				CLANG_WARN_STRICT_PROTOTYPES = YES;
				CLANG_WARN_SUSPICIOUS_MOVE = YES;
				CLANG_WARN_UNGUARDED_AVAILABILITY = YES_AGGRESSIVE;
				CLANG_WARN_UNREACHABLE_CODE = YES;
				CLANG_WARN__DUPLICATE_METHOD_MATCH = YES;
				COPY_PHASE_STRIP = NO;
				DEBUG_INFORMATION_FORMAT = "dwarf-with-dsym";
				ENABLE_NS_ASSERTIONS = NO;
				ENABLE_STRICT_OBJC_MSGSEND = YES;
				ENABLE_USER_SCRIPT_SANDBOXING = YES;
				GCC_C_LANGUAGE_STANDARD = gnu17;
				GCC_NO_COMMON_BLOCKS = YES;
				GCC_WARN_64_TO_32_BIT_CONVERSION = YES;
				GCC_WARN_ABOUT_RETURN_TYPE = YES_ERROR;
				GCC_WARN_UNDECLARED_SELECTOR = YES;
				GCC_WARN_UNINITIALIZED_AUTOS = YES_AGGRESSIVE;
				GCC_WARN_UNUSED_FUNCTION = YES;
				GCC_WARN_UNUSED_VARIABLE = YES;
				IPHONEOS_DEPLOYMENT_TARGET = 17.0;
				LOCALIZATION_PREFERS_STRING_CATALOGS = YES;
				MTL_ENABLE_DEBUG_INFO = NO;
				MTL_FAST_MATH = YES;
				SDKROOT = iphoneos;
				SWIFT_COMPILATION_MODE = wholemodule;
				VALIDATE_PRODUCT = YES;
			};
			name = Release;
		};
		8D0C19AB2B45AE8E000306D8 /* Debug */ = {
			isa = XCBuildConfiguration;
			baseConfigurationReference = FDBCD98F8477BABDE36BB0FD /* Pods-ImageGalaryApp.debug.xcconfig */;
			buildSettings = {
				ASSETCATALOG_COMPILER_APPICON_NAME = AppIcon;
				ASSETCATALOG_COMPILER_GLOBAL_ACCENT_COLOR_NAME = AccentColor;
				CODE_SIGN_STYLE = Automatic;
				CURRENT_PROJECT_VERSION = 1;
				DEVELOPMENT_TEAM = 7USD4UF8Y2;
				ENABLE_USER_SCRIPT_SANDBOXING = NO;
				GENERATE_INFOPLIST_FILE = YES;
				INFOPLIST_FILE = ImageGalaryApp/Info.plist;
				INFOPLIST_KEY_UIApplicationSupportsIndirectInputEvents = YES;
				INFOPLIST_KEY_UILaunchStoryboardName = LaunchScreen;
				INFOPLIST_KEY_UIMainStoryboardFile = Main;
				INFOPLIST_KEY_UISupportedInterfaceOrientations = UIInterfaceOrientationPortrait;
				INFOPLIST_KEY_UISupportedInterfaceOrientations_iPad = "UIInterfaceOrientationLandscapeLeft UIInterfaceOrientationLandscapeRight UIInterfaceOrientationPortrait";
				LD_RUNPATH_SEARCH_PATHS = (
					"$(inherited)",
					"@executable_path/Frameworks",
				);
				MARKETING_VERSION = 1.0;
				PRODUCT_BUNDLE_IDENTIFIER = nikita.moskalenko.ImageGalaryApp;
				PRODUCT_NAME = "$(TARGET_NAME)";
				SUPPORTED_PLATFORMS = "iphoneos iphonesimulator";
				SUPPORTS_MACCATALYST = NO;
				SUPPORTS_MAC_DESIGNED_FOR_IPHONE_IPAD = NO;
				SWIFT_EMIT_LOC_STRINGS = YES;
				SWIFT_VERSION = 5.0;
				TARGETED_DEVICE_FAMILY = 1;
			};
			name = Debug;
		};
		8D0C19AC2B45AE8E000306D8 /* Release */ = {
			isa = XCBuildConfiguration;
			baseConfigurationReference = 75142A2CD20D8365D23AC54D /* Pods-ImageGalaryApp.release.xcconfig */;
			buildSettings = {
				ASSETCATALOG_COMPILER_APPICON_NAME = AppIcon;
				ASSETCATALOG_COMPILER_GLOBAL_ACCENT_COLOR_NAME = AccentColor;
				CODE_SIGN_STYLE = Automatic;
				CURRENT_PROJECT_VERSION = 1;
				DEVELOPMENT_TEAM = 7USD4UF8Y2;
				ENABLE_USER_SCRIPT_SANDBOXING = NO;
				GENERATE_INFOPLIST_FILE = YES;
				INFOPLIST_FILE = ImageGalaryApp/Info.plist;
				INFOPLIST_KEY_UIApplicationSupportsIndirectInputEvents = YES;
				INFOPLIST_KEY_UILaunchStoryboardName = LaunchScreen;
				INFOPLIST_KEY_UIMainStoryboardFile = Main;
				INFOPLIST_KEY_UISupportedInterfaceOrientations = UIInterfaceOrientationPortrait;
				INFOPLIST_KEY_UISupportedInterfaceOrientations_iPad = "UIInterfaceOrientationLandscapeLeft UIInterfaceOrientationLandscapeRight UIInterfaceOrientationPortrait";
				LD_RUNPATH_SEARCH_PATHS = (
					"$(inherited)",
					"@executable_path/Frameworks",
				);
				MARKETING_VERSION = 1.0;
				PRODUCT_BUNDLE_IDENTIFIER = nikita.moskalenko.ImageGalaryApp;
				PRODUCT_NAME = "$(TARGET_NAME)";
				SUPPORTED_PLATFORMS = "iphoneos iphonesimulator";
				SUPPORTS_MACCATALYST = NO;
				SUPPORTS_MAC_DESIGNED_FOR_IPHONE_IPAD = NO;
				SWIFT_EMIT_LOC_STRINGS = YES;
				SWIFT_VERSION = 5.0;
				TARGETED_DEVICE_FAMILY = 1;
			};
			name = Release;
		};
/* End XCBuildConfiguration section */

/* Begin XCConfigurationList section */
		8D0C19912B45AE8C000306D8 /* Build configuration list for PBXProject "ImageGalaryApp" */ = {
			isa = XCConfigurationList;
			buildConfigurations = (
				8D0C19A82B45AE8E000306D8 /* Debug */,
				8D0C19A92B45AE8E000306D8 /* Release */,
			);
			defaultConfigurationIsVisible = 0;
			defaultConfigurationName = Release;
		};
		8D0C19AA2B45AE8E000306D8 /* Build configuration list for PBXNativeTarget "ImageGalaryApp" */ = {
			isa = XCConfigurationList;
			buildConfigurations = (
				8D0C19AB2B45AE8E000306D8 /* Debug */,
				8D0C19AC2B45AE8E000306D8 /* Release */,
			);
			defaultConfigurationIsVisible = 0;
			defaultConfigurationName = Release;
		};
/* End XCConfigurationList section */
	};
	rootObject = 8D0C198E2B45AE8C000306D8 /* Project object */;
}
